
Microsoft Visual Studio Solution File, Format Version 12.00
# Visual Studio Version 17
VisualStudioVersion = 17.4.33213.308
MinimumVisualStudioVersion = 10.0.40219.1
Project("{FAE04EC0-301F-11D3-BF4B-00C04F79EFBC}") = "Hsp.Midi", "Hsp.Midi\Hsp.Midi.csproj", "{4AD2A4C0-80B7-4CFD-A2E0-5514816E424C}"
EndProject
Project("{FAE04EC0-301F-11D3-BF4B-00C04F79EFBC}") = "Hsp.Midi.Test", "Hsp.Midi.Test\Hsp.Midi.Test.csproj", "{84C91F14-C89A-42EE-B509-FA46F7AE0A73}"
EndProject
Global
	GlobalSection(SolutionConfigurationPlatforms) = preSolution
		Debug|Any CPU = Debug|Any CPU
		Release|Any CPU = Release|Any CPU
	EndGlobalSection
	GlobalSection(ProjectConfigurationPlatforms) = postSolution
		{4AD2A4C0-80B7-4CFD-A2E0-5514816E424C}.Debug|Any CPU.ActiveCfg = Debug|Any CPU
		{4AD2A4C0-80B7-4CFD-A2E0-5514816E424C}.Debug|Any CPU.Build.0 = Debug|Any CPU
		{4AD2A4C0-80B7-4CFD-A2E0-5514816E424C}.Release|Any CPU.ActiveCfg = Release|Any CPU
		{4AD2A4C0-80B7-4CFD-A2E0-5514816E424C}.Release|Any CPU.Build.0 = Release|Any CPU
		{84C91F14-C89A-42EE-B509-FA46F7AE0A73}.Debug|Any CPU.ActiveCfg = Debug|Any CPU
		{84C91F14-C89A-42EE-B509-FA46F7AE0A73}.Debug|Any CPU.Build.0 = Debug|Any CPU
		{84C91F14-C89A-42EE-B509-FA46F7AE0A73}.Release|Any CPU.ActiveCfg = Release|Any CPU
		{84C91F14-C89A-42EE-B509-FA46F7AE0A73}.Release|Any CPU.Build.0 = Release|Any CPU
	EndGlobalSection
	GlobalSection(SolutionProperties) = preSolution
		HideSolutionNode = FALSE
	EndGlobalSection
	GlobalSection(ExtensibilityGlobals) = postSolution
		SolutionGuid = {95D1A79B-E556-4464-9644-F0037DBDB63B}
	EndGlobalSection
EndGlobal
